
Microsoft Visual Studio Solution File, Format Version 12.00
# Visual Studio Version 17
VisualStudioVersion = 17.7.34031.279
MinimumVisualStudioVersion = 10.0.40219.1
Project("{FAE04EC0-301F-11D3-BF4B-00C04F79EFBC}") = "Notes.Tests", "Notes.Tests\Notes.Tests.csproj", "{5966F30A-C5FE-4144-957F-957A79B28D00}"
EndProject
Global
	GlobalSection(SolutionConfigurationPlatforms) = preSolution
		Debug|Any CPU = Debug|Any CPU
		Release|Any CPU = Release|Any CPU
	EndGlobalSection
	GlobalSection(ProjectConfigurationPlatforms) = postSolution
		{5966F30A-C5FE-4144-957F-957A79B28D00}.Debug|Any CPU.ActiveCfg = Debug|Any CPU
		{5966F30A-C5FE-4144-957F-957A79B28D00}.Debug|Any CPU.Build.0 = Debug|Any CPU
		{5966F30A-C5FE-4144-957F-957A79B28D00}.Release|Any CPU.ActiveCfg = Release|Any CPU
		{5966F30A-C5FE-4144-957F-957A79B28D00}.Release|Any CPU.Build.0 = Release|Any CPU
	EndGlobalSection
	GlobalSection(SolutionProperties) = preSolution
		HideSolutionNode = FALSE
	EndGlobalSection
	GlobalSection(ExtensibilityGlobals) = postSolution
		SolutionGuid = {951036C0-D047-4512-8D54-DB5271549E7E}
	EndGlobalSection
EndGlobal
